// !$*UTF8*$!
{
	archiveVersion = 1;
	classes = {
	};
	objectVersion = 48;
	objects = {

/* Begin PBXBuildFile section */
		C61A56721F9ACF4B0094B3E7 /* TempleFlashcardsTableViewDataSource.swift in Sources */ = {isa = PBXBuildFile; fileRef = C61A56711F9ACF4B0094B3E7 /* TempleFlashcardsTableViewDataSource.swift */; };
		C61A56741F9ACF6F0094B3E7 /* TempleFlashcardsTableViewDelegate.swift in Sources */ = {isa = PBXBuildFile; fileRef = C61A56731F9ACF6F0094B3E7 /* TempleFlashcardsTableViewDelegate.swift */; };
		C61A56761F9ACFAE0094B3E7 /* TempleFlashcardsCollectionViewDataSource.swift in Sources */ = {isa = PBXBuildFile; fileRef = C61A56751F9ACFAE0094B3E7 /* TempleFlashcardsCollectionViewDataSource.swift */; };
		C61A56781F9AD0140094B3E7 /* TempleFlashcardsCollectionViewDelegate.swift in Sources */ = {isa = PBXBuildFile; fileRef = C61A56771F9AD0140094B3E7 /* TempleFlashcardsCollectionViewDelegate.swift */; };
		C61A567D1F9AD4AA0094B3E7 /* MutableCollection+shuffle.swift in Sources */ = {isa = PBXBuildFile; fileRef = C61A567C1F9AD4AA0094B3E7 /* MutableCollection+shuffle.swift */; };
		C667FF821F979F1F0044C9D5 /* Main.storyboard in Resources */ = {isa = PBXBuildFile; fileRef = C667FF801F979D450044C9D5 /* Main.storyboard */; };
		C667FF861F97A0860044C9D5 /* TempleCardView.swift in Sources */ = {isa = PBXBuildFile; fileRef = C667FF851F97A0860044C9D5 /* TempleCardView.swift */; };
		C667FF8C1F97E83C0044C9D5 /* TempleCardViewController.swift in Sources */ = {isa = PBXBuildFile; fileRef = C667FF8B1F97E83C0044C9D5 /* TempleCardViewController.swift */; };
		C667FF8E1F97E9600044C9D5 /* TempleCardCell.swift in Sources */ = {isa = PBXBuildFile; fileRef = C667FF8D1F97E9600044C9D5 /* TempleCardCell.swift */; };
		C667FF901F97F6140044C9D5 /* UIImage+scaling.swift in Sources */ = {isa = PBXBuildFile; fileRef = C667FF8F1F97F6140044C9D5 /* UIImage+scaling.swift */; };
		C67A565E1F9D57A000597871 /* Scoreboard.swift in Sources */ = {isa = PBXBuildFile; fileRef = C67A565D1F9D57A000597871 /* Scoreboard.swift */; };
		C67A56621F9E760C00597871 /* UIViewController+toast.swift in Sources */ = {isa = PBXBuildFile; fileRef = C67A56611F9E760B00597871 /* UIViewController+toast.swift */; };
		C6C158251F93F12E0073A0C0 /* Temple.swift in Sources */ = {isa = PBXBuildFile; fileRef = C6C158241F93F12E0073A0C0 /* Temple.swift */; };
		C6D3FB331F96F5C40066A822 /* UIColor+rgb.swift in Sources */ = {isa = PBXBuildFile; fileRef = C6D3FB321F96F5C40066A822 /* UIColor+rgb.swift */; };
		C6D3FB351F96F92F0066A822 /* TempleFlashcardsViewController.swift in Sources */ = {isa = PBXBuildFile; fileRef = C6D3FB341F96F92F0066A822 /* TempleFlashcardsViewController.swift */; };
		C6D3FB371F96FD1E0066A822 /* TempleList.swift in Sources */ = {isa = PBXBuildFile; fileRef = C6D3FB361F96FD1E0066A822 /* TempleList.swift */; };
		C6D3FB3E1F970BB60066A822 /* Assets.xcassets in Resources */ = {isa = PBXBuildFile; fileRef = C6D3FB391F9705E30066A822 /* Assets.xcassets */; };
		C6D6A7C41F93EE2300D8FF93 /* AppDelegate.swift in Sources */ = {isa = PBXBuildFile; fileRef = C6D6A7C31F93EE2300D8FF93 /* AppDelegate.swift */; };
		C6D6A7CE1F93EE2300D8FF93 /* LaunchScreen.storyboard in Resources */ = {isa = PBXBuildFile; fileRef = C6D6A7CC1F93EE2300D8FF93 /* LaunchScreen.storyboard */; };
/* End PBXBuildFile section */

/* Begin PBXFileReference section */
		C61A56711F9ACF4B0094B3E7 /* TempleFlashcardsTableViewDataSource.swift */ = {isa = PBXFileReference; lastKnownFileType = sourcecode.swift; path = TempleFlashcardsTableViewDataSource.swift; sourceTree = "<group>"; };
		C61A56731F9ACF6F0094B3E7 /* TempleFlashcardsTableViewDelegate.swift */ = {isa = PBXFileReference; lastKnownFileType = sourcecode.swift; path = TempleFlashcardsTableViewDelegate.swift; sourceTree = "<group>"; };
		C61A56751F9ACFAE0094B3E7 /* TempleFlashcardsCollectionViewDataSource.swift */ = {isa = PBXFileReference; lastKnownFileType = sourcecode.swift; path = TempleFlashcardsCollectionViewDataSource.swift; sourceTree = "<group>"; };
		C61A56771F9AD0140094B3E7 /* TempleFlashcardsCollectionViewDelegate.swift */ = {isa = PBXFileReference; lastKnownFileType = sourcecode.swift; path = TempleFlashcardsCollectionViewDelegate.swift; sourceTree = "<group>"; };
		C61A567C1F9AD4AA0094B3E7 /* MutableCollection+shuffle.swift */ = {isa = PBXFileReference; lastKnownFileType = sourcecode.swift; path = "MutableCollection+shuffle.swift"; sourceTree = "<group>"; };
		C61D367F1F9EFFAD00821129 /* README.md */ = {isa = PBXFileReference; lastKnownFileType = net.daringfireball.markdown; path = README.md; sourceTree = "<group>"; };
		C667FF811F979D450044C9D5 /* Base */ = {isa = PBXFileReference; lastKnownFileType = file.storyboard; name = Base; path = Base.lproj/Main.storyboard; sourceTree = "<group>"; };
		C667FF851F97A0860044C9D5 /* TempleCardView.swift */ = {isa = PBXFileReference; lastKnownFileType = sourcecode.swift; path = TempleCardView.swift; sourceTree = "<group>"; };
		C667FF8B1F97E83C0044C9D5 /* TempleCardViewController.swift */ = {isa = PBXFileReference; lastKnownFileType = sourcecode.swift; path = TempleCardViewController.swift; sourceTree = "<group>"; };
		C667FF8D1F97E9600044C9D5 /* TempleCardCell.swift */ = {isa = PBXFileReference; lastKnownFileType = sourcecode.swift; path = TempleCardCell.swift; sourceTree = "<group>"; };
		C667FF8F1F97F6140044C9D5 /* UIImage+scaling.swift */ = {isa = PBXFileReference; lastKnownFileType = sourcecode.swift; path = "UIImage+scaling.swift"; sourceTree = "<group>"; };
		C67A565D1F9D57A000597871 /* Scoreboard.swift */ = {isa = PBXFileReference; lastKnownFileType = sourcecode.swift; path = Scoreboard.swift; sourceTree = "<group>"; };
		C67A56611F9E760B00597871 /* UIViewController+toast.swift */ = {isa = PBXFileReference; lastKnownFileType = sourcecode.swift; path = "UIViewController+toast.swift"; sourceTree = "<group>"; };
		C6C158241F93F12E0073A0C0 /* Temple.swift */ = {isa = PBXFileReference; lastKnownFileType = sourcecode.swift; path = Temple.swift; sourceTree = "<group>"; };
		C6D3FB321F96F5C40066A822 /* UIColor+rgb.swift */ = {isa = PBXFileReference; lastKnownFileType = sourcecode.swift; path = "UIColor+rgb.swift"; sourceTree = "<group>"; };
		C6D3FB341F96F92F0066A822 /* TempleFlashcardsViewController.swift */ = {isa = PBXFileReference; lastKnownFileType = sourcecode.swift; path = TempleFlashcardsViewController.swift; sourceTree = "<group>"; };
		C6D3FB361F96FD1E0066A822 /* TempleList.swift */ = {isa = PBXFileReference; lastKnownFileType = sourcecode.swift; path = TempleList.swift; sourceTree = "<group>"; };
		C6D3FB391F9705E30066A822 /* Assets.xcassets */ = {isa = PBXFileReference; lastKnownFileType = folder.assetcatalog; path = Assets.xcassets; sourceTree = "<group>"; };
		C6D6A7C01F93EE2300D8FF93 /* Temple Flashcards.app */ = {isa = PBXFileReference; explicitFileType = wrapper.application; includeInIndex = 0; path = "Temple Flashcards.app"; sourceTree = BUILT_PRODUCTS_DIR; };
		C6D6A7C31F93EE2300D8FF93 /* AppDelegate.swift */ = {isa = PBXFileReference; lastKnownFileType = sourcecode.swift; path = AppDelegate.swift; sourceTree = "<group>"; };
		C6D6A7CD1F93EE2300D8FF93 /* Base */ = {isa = PBXFileReference; lastKnownFileType = file.storyboard; name = Base; path = Base.lproj/LaunchScreen.storyboard; sourceTree = "<group>"; };
		C6D6A7CF1F93EE2300D8FF93 /* Info.plist */ = {isa = PBXFileReference; lastKnownFileType = text.plist.xml; path = Info.plist; sourceTree = "<group>"; };
/* End PBXFileReference section */

/* Begin PBXFrameworksBuildPhase section */
		C6D6A7BD1F93EE2300D8FF93 /* Frameworks */ = {
			isa = PBXFrameworksBuildPhase;
			buildActionMask = 2147483647;
			files = (
			);
			runOnlyForDeploymentPostprocessing = 0;
		};
/* End PBXFrameworksBuildPhase section */

/* Begin PBXGroup section */
		C60C37CE1F93EFCF00885983 /* Model */ = {
			isa = PBXGroup;
			children = (
				C6C158241F93F12E0073A0C0 /* Temple.swift */,
				C6D3FB361F96FD1E0066A822 /* TempleList.swift */,
				C67A565D1F9D57A000597871 /* Scoreboard.swift */,
			);
			path = Model;
			sourceTree = "<group>";
		};
		C60C37CF1F93EFD800885983 /* View */ = {
			isa = PBXGroup;
			children = (
				C6D6A7CC1F93EE2300D8FF93 /* LaunchScreen.storyboard */,
				C667FF801F979D450044C9D5 /* Main.storyboard */,
				C667FF8D1F97E9600044C9D5 /* TempleCardCell.swift */,
				C667FF851F97A0860044C9D5 /* TempleCardView.swift */,
				C6D3FB321F96F5C40066A822 /* UIColor+rgb.swift */,
				C667FF8F1F97F6140044C9D5 /* UIImage+scaling.swift */,
			);
			path = View;
			sourceTree = "<group>";
		};
		C60C37D01F93EFE200885983 /* Controller */ = {
			isa = PBXGroup;
			children = (
				C667FF8B1F97E83C0044C9D5 /* TempleCardViewController.swift */,
				C6D3FB341F96F92F0066A822 /* TempleFlashcardsViewController.swift */,
				C61A56751F9ACFAE0094B3E7 /* TempleFlashcardsCollectionViewDataSource.swift */,
				C61A56771F9AD0140094B3E7 /* TempleFlashcardsCollectionViewDelegate.swift */,
				C61A56711F9ACF4B0094B3E7 /* TempleFlashcardsTableViewDataSource.swift */,
				C61A56731F9ACF6F0094B3E7 /* TempleFlashcardsTableViewDelegate.swift */,
				C61A567C1F9AD4AA0094B3E7 /* MutableCollection+shuffle.swift */,
				C67A56611F9E760B00597871 /* UIViewController+toast.swift */,
			);
			path = Controller;
			sourceTree = "<group>";
		};
		C60C37D11F93EFEE00885983 /* Supporting Files */ = {
			isa = PBXGroup;
			children = (
				C6D6A7C31F93EE2300D8FF93 /* AppDelegate.swift */,
				C6D6A7CF1F93EE2300D8FF93 /* Info.plist */,
			);
			name = "Supporting Files";
			sourceTree = "<group>";
		};
		C6D6A7B71F93EE2300D8FF93 = {
			isa = PBXGroup;
			children = (
				C6D6A7C21F93EE2300D8FF93 /* Temple Flashcards */,
				C6D6A7C11F93EE2300D8FF93 /* Products */,
				C61D367F1F9EFFAD00821129 /* README.md */,
			);
			sourceTree = "<group>";
		};
		C6D6A7C11F93EE2300D8FF93 /* Products */ = {
			isa = PBXGroup;
			children = (
				C6D6A7C01F93EE2300D8FF93 /* Temple Flashcards.app */,
			);
			name = Products;
			sourceTree = "<group>";
		};
		C6D6A7C21F93EE2300D8FF93 /* Temple Flashcards */ = {
			isa = PBXGroup;
			children = (
				C60C37CE1F93EFCF00885983 /* Model */,
				C60C37CF1F93EFD800885983 /* View */,
				C60C37D01F93EFE200885983 /* Controller */,
				C60C37D11F93EFEE00885983 /* Supporting Files */,
				C6D3FB391F9705E30066A822 /* Assets.xcassets */,
			);
			path = "Temple Flashcards";
			sourceTree = "<group>";
		};
/* End PBXGroup section */

/* Begin PBXNativeTarget section */
		C6D6A7BF1F93EE2300D8FF93 /* Temple Flashcards */ = {
			isa = PBXNativeTarget;
			buildConfigurationList = C6D6A7D21F93EE2300D8FF93 /* Build configuration list for PBXNativeTarget "Temple Flashcards" */;
			buildPhases = (
				C6D6A7BC1F93EE2300D8FF93 /* Sources */,
				C6D6A7BD1F93EE2300D8FF93 /* Frameworks */,
				C6D6A7BE1F93EE2300D8FF93 /* Resources */,
			);
			buildRules = (
			);
			dependencies = (
			);
			name = "Temple Flashcards";
			productName = "Temple Flashcards";
			productReference = C6D6A7C01F93EE2300D8FF93 /* Temple Flashcards.app */;
			productType = "com.apple.product-type.application";
		};
/* End PBXNativeTarget section */

/* Begin PBXProject section */
		C6D6A7B81F93EE2300D8FF93 /* Project object */ = {
			isa = PBXProject;
			attributes = {
				LastSwiftUpdateCheck = 0900;
				LastUpgradeCheck = 0900;
				ORGANIZATIONNAME = "Misha Milovidov";
				TargetAttributes = {
					C6D6A7BF1F93EE2300D8FF93 = {
						CreatedOnToolsVersion = 9.0;
						ProvisioningStyle = Automatic;
					};
				};
			};
			buildConfigurationList = C6D6A7BB1F93EE2300D8FF93 /* Build configuration list for PBXProject "Temple Flashcards" */;
			compatibilityVersion = "Xcode 8.0";
			developmentRegion = en;
			hasScannedForEncodings = 0;
			knownRegions = (
				en,
				Base,
			);
			mainGroup = C6D6A7B71F93EE2300D8FF93;
			productRefGroup = C6D6A7C11F93EE2300D8FF93 /* Products */;
			projectDirPath = "";
			projectRoot = "";
			targets = (
				C6D6A7BF1F93EE2300D8FF93 /* Temple Flashcards */,
			);
		};
/* End PBXProject section */

/* Begin PBXResourcesBuildPhase section */
		C6D6A7BE1F93EE2300D8FF93 /* Resources */ = {
			isa = PBXResourcesBuildPhase;
			buildActionMask = 2147483647;
			files = (
				C667FF821F979F1F0044C9D5 /* Main.storyboard in Resources */,
				C6D6A7CE1F93EE2300D8FF93 /* LaunchScreen.storyboard in Resources */,
				C6D3FB3E1F970BB60066A822 /* Assets.xcassets in Resources */,
			);
			runOnlyForDeploymentPostprocessing = 0;
		};
/* End PBXResourcesBuildPhase section */

/* Begin PBXSourcesBuildPhase section */
		C6D6A7BC1F93EE2300D8FF93 /* Sources */ = {
			isa = PBXSourcesBuildPhase;
			buildActionMask = 2147483647;
			files = (
				C6C158251F93F12E0073A0C0 /* Temple.swift in Sources */,
				C667FF8E1F97E9600044C9D5 /* TempleCardCell.swift in Sources */,
				C667FF901F97F6140044C9D5 /* UIImage+scaling.swift in Sources */,
				C67A565E1F9D57A000597871 /* Scoreboard.swift in Sources */,
				C667FF861F97A0860044C9D5 /* TempleCardView.swift in Sources */,
				C61A56721F9ACF4B0094B3E7 /* TempleFlashcardsTableViewDataSource.swift in Sources */,
				C6D3FB331F96F5C40066A822 /* UIColor+rgb.swift in Sources */,
				C667FF8C1F97E83C0044C9D5 /* TempleCardViewController.swift in Sources */,
				C6D3FB371F96FD1E0066A822 /* TempleList.swift in Sources */,
				C6D3FB351F96F92F0066A822 /* TempleFlashcardsViewController.swift in Sources */,
				C67A56621F9E760C00597871 /* UIViewController+toast.swift in Sources */,
				C61A56741F9ACF6F0094B3E7 /* TempleFlashcardsTableViewDelegate.swift in Sources */,
				C6D6A7C41F93EE2300D8FF93 /* AppDelegate.swift in Sources */,
				C61A56761F9ACFAE0094B3E7 /* TempleFlashcardsCollectionViewDataSource.swift in Sources */,
				C61A56781F9AD0140094B3E7 /* TempleFlashcardsCollectionViewDelegate.swift in Sources */,
				C61A567D1F9AD4AA0094B3E7 /* MutableCollection+shuffle.swift in Sources */,
			);
			runOnlyForDeploymentPostprocessing = 0;
		};
/* End PBXSourcesBuildPhase section */

/* Begin PBXVariantGroup section */
		C667FF801F979D450044C9D5 /* Main.storyboard */ = {
			isa = PBXVariantGroup;
			children = (
				C667FF811F979D450044C9D5 /* Base */,
			);
			name = Main.storyboard;
			sourceTree = "<group>";
		};
		C6D6A7CC1F93EE2300D8FF93 /* LaunchScreen.storyboard */ = {
			isa = PBXVariantGroup;
			children = (
				C6D6A7CD1F93EE2300D8FF93 /* Base */,
			);
			name = LaunchScreen.storyboard;
			sourceTree = "<group>";
		};
/* End PBXVariantGroup section */

/* Begin XCBuildConfiguration section */
		C6D6A7D01F93EE2300D8FF93 /* Debug */ = {
			isa = XCBuildConfiguration;
			buildSettings = {
				ALWAYS_SEARCH_USER_PATHS = NO;
				CLANG_ANALYZER_NONNULL = YES;
				CLANG_ANALYZER_NUMBER_OBJECT_CONVERSION = YES_AGGRESSIVE;
				CLANG_CXX_LANGUAGE_STANDARD = "gnu++14";
				CLANG_CXX_LIBRARY = "libc++";
				CLANG_ENABLE_MODULES = YES;
				CLANG_ENABLE_OBJC_ARC = YES;
				CLANG_WARN_BLOCK_CAPTURE_AUTORELEASING = YES;
				CLANG_WARN_BOOL_CONVERSION = YES;
				CLANG_WARN_COMMA = YES;
				CLANG_WARN_CONSTANT_CONVERSION = YES;
				CLANG_WARN_DIRECT_OBJC_ISA_USAGE = YES_ERROR;
				CLANG_WARN_DOCUMENTATION_COMMENTS = YES;
				CLANG_WARN_EMPTY_BODY = YES;
				CLANG_WARN_ENUM_CONVERSION = YES;
				CLANG_WARN_INFINITE_RECURSION = YES;
				CLANG_WARN_INT_CONVERSION = YES;
				CLANG_WARN_NON_LITERAL_NULL_CONVERSION = YES;
				CLANG_WARN_OBJC_LITERAL_CONVERSION = YES;
				CLANG_WARN_OBJC_ROOT_CLASS = YES_ERROR;
				CLANG_WARN_RANGE_LOOP_ANALYSIS = YES;
				CLANG_WARN_STRICT_PROTOTYPES = YES;
				CLANG_WARN_SUSPICIOUS_MOVE = YES;
				CLANG_WARN_UNGUARDED_AVAILABILITY = YES_AGGRESSIVE;
				CLANG_WARN_UNREACHABLE_CODE = YES;
				CLANG_WARN__DUPLICATE_METHOD_MATCH = YES;
				CODE_SIGN_IDENTITY = "iPhone Developer";
				COPY_PHASE_STRIP = NO;
				DEBUG_INFORMATION_FORMAT = dwarf;
				ENABLE_STRICT_OBJC_MSGSEND = YES;
				ENABLE_TESTABILITY = YES;
				GCC_C_LANGUAGE_STANDARD = gnu11;
				GCC_DYNAMIC_NO_PIC = NO;
				GCC_NO_COMMON_BLOCKS = YES;
				GCC_OPTIMIZATION_LEVEL = 0;
				GCC_PREPROCESSOR_DEFINITIONS = (
					"DEBUG=1",
					"$(inherited)",
				);
				GCC_WARN_64_TO_32_BIT_CONVERSION = YES;
				GCC_WARN_ABOUT_RETURN_TYPE = YES_ERROR;
				GCC_WARN_UNDECLARED_SELECTOR = YES;
				GCC_WARN_UNINITIALIZED_AUTOS = YES_AGGRESSIVE;
				GCC_WARN_UNUSED_FUNCTION = YES;
				GCC_WARN_UNUSED_VARIABLE = YES;
				IPHONEOS_DEPLOYMENT_TARGET = 11.0;
				MTL_ENABLE_DEBUG_INFO = YES;
				ONLY_ACTIVE_ARCH = YES;
				SDKROOT = iphoneos;
				SWIFT_ACTIVE_COMPILATION_CONDITIONS = DEBUG;
				SWIFT_OPTIMIZATION_LEVEL = "-Onone";
			};
			name = Debug;
		};
		C6D6A7D11F93EE2300D8FF93 /* Release */ = {
			isa = XCBuildConfiguration;
			buildSettings = {
				ALWAYS_SEARCH_USER_PATHS = NO;
				CLANG_ANALYZER_NONNULL = YES;
				CLANG_ANALYZER_NUMBER_OBJECT_CONVERSION = YES_AGGRESSIVE;
				CLANG_CXX_LANGUAGE_STANDARD = "gnu++14";
				CLANG_CXX_LIBRARY = "libc++";
				CLANG_ENABLE_MODULES = YES;
				CLANG_ENABLE_OBJC_ARC = YES;
				CLANG_WARN_BLOCK_CAPTURE_AUTORELEASING = YES;
				CLANG_WARN_BOOL_CONVERSION = YES;
				CLANG_WARN_COMMA = YES;
				CLANG_WARN_CONSTANT_CONVERSION = YES;
				CLANG_WARN_DIRECT_OBJC_ISA_USAGE = YES_ERROR;
				CLANG_WARN_DOCUMENTATION_COMMENTS = YES;
				CLANG_WARN_EMPTY_BODY = YES;
				CLANG_WARN_ENUM_CONVERSION = YES;
				CLANG_WARN_INFINITE_RECURSION = YES;
				CLANG_WARN_INT_CONVERSION = YES;
				CLANG_WARN_NON_LITERAL_NULL_CONVERSION = YES;
				CLANG_WARN_OBJC_LITERAL_CONVERSION = YES;
				CLANG_WARN_OBJC_ROOT_CLASS = YES_ERROR;
				CLANG_WARN_RANGE_LOOP_ANALYSIS = YES;
				CLANG_WARN_STRICT_PROTOTYPES = YES;
				CLANG_WARN_SUSPICIOUS_MOVE = YES;
				CLANG_WARN_UNGUARDED_AVAILABILITY = YES_AGGRESSIVE;
				CLANG_WARN_UNREACHABLE_CODE = YES;
				CLANG_WARN__DUPLICATE_METHOD_MATCH = YES;
				CODE_SIGN_IDENTITY = "iPhone Developer";
				COPY_PHASE_STRIP = NO;
				DEBUG_INFORMATION_FORMAT = "dwarf-with-dsym";
				ENABLE_NS_ASSERTIONS = NO;
				ENABLE_STRICT_OBJC_MSGSEND = YES;
				GCC_C_LANGUAGE_STANDARD = gnu11;
				GCC_NO_COMMON_BLOCKS = YES;
				GCC_WARN_64_TO_32_BIT_CONVERSION = YES;
				GCC_WARN_ABOUT_RETURN_TYPE = YES_ERROR;
				GCC_WARN_UNDECLARED_SELECTOR = YES;
				GCC_WARN_UNINITIALIZED_AUTOS = YES_AGGRESSIVE;
				GCC_WARN_UNUSED_FUNCTION = YES;
				GCC_WARN_UNUSED_VARIABLE = YES;
				IPHONEOS_DEPLOYMENT_TARGET = 11.0;
				MTL_ENABLE_DEBUG_INFO = NO;
				SDKROOT = iphoneos;
				SWIFT_OPTIMIZATION_LEVEL = "-Owholemodule";
				VALIDATE_PRODUCT = YES;
			};
			name = Release;
		};
		C6D6A7D31F93EE2300D8FF93 /* Debug */ = {
			isa = XCBuildConfiguration;
			buildSettings = {
				ASSETCATALOG_COMPILER_APPICON_NAME = AppIcon;
				CODE_SIGN_STYLE = Automatic;
				DEVELOPMENT_TEAM = QZ83968PH6;
				INFOPLIST_FILE = "Temple Flashcards/Info.plist";
				LD_RUNPATH_SEARCH_PATHS = "$(inherited) @executable_path/Frameworks";
				PRODUCT_BUNDLE_IDENTIFIER = "edu.byu.is543.Temple-Flashcards";
				PRODUCT_NAME = "$(TARGET_NAME)";
				SWIFT_VERSION = 4.0;
				TARGETED_DEVICE_FAMILY = "1,2";
			};
			name = Debug;
		};
		C6D6A7D41F93EE2300D8FF93 /* Release */ = {
			isa = XCBuildConfiguration;
			buildSettings = {
				ASSETCATALOG_COMPILER_APPICON_NAME = AppIcon;
				CODE_SIGN_STYLE = Automatic;
				DEVELOPMENT_TEAM = QZ83968PH6;
				INFOPLIST_FILE = "Temple Flashcards/Info.plist";
				LD_RUNPATH_SEARCH_PATHS = "$(inherited) @executable_path/Frameworks";
				PRODUCT_BUNDLE_IDENTIFIER = "edu.byu.is543.Temple-Flashcards";
				PRODUCT_NAME = "$(TARGET_NAME)";
				SWIFT_VERSION = 4.0;
				TARGETED_DEVICE_FAMILY = "1,2";
			};
			name = Release;
		};
/* End XCBuildConfiguration section */

/* Begin XCConfigurationList section */
		C6D6A7BB1F93EE2300D8FF93 /* Build configuration list for PBXProject "Temple Flashcards" */ = {
			isa = XCConfigurationList;
			buildConfigurations = (
				C6D6A7D01F93EE2300D8FF93 /* Debug */,
				C6D6A7D11F93EE2300D8FF93 /* Release */,
			);
			defaultConfigurationIsVisible = 0;
			defaultConfigurationName = Release;
		};
		C6D6A7D21F93EE2300D8FF93 /* Build configuration list for PBXNativeTarget "Temple Flashcards" */ = {
			isa = XCConfigurationList;
			buildConfigurations = (
				C6D6A7D31F93EE2300D8FF93 /* Debug */,
				C6D6A7D41F93EE2300D8FF93 /* Release */,
			);
			defaultConfigurationIsVisible = 0;
			defaultConfigurationName = Release;
		};
/* End XCConfigurationList section */
	};
	rootObject = C6D6A7B81F93EE2300D8FF93 /* Project object */;
}
